// !$*UTF8*$!
{
	archiveVersion = 1;
	classes = {
	};
	objectVersion = 48;
	objects = {

/* Begin PBXBuildFile section */
		358BCAA01F3E643000046479 /* AppDelegate.swift in Sources */ = {isa = PBXBuildFile; fileRef = 358BCA9F1F3E643000046479 /* AppDelegate.swift */; };
		358BCAA21F3E643000046479 /* ViewController.swift in Sources */ = {isa = PBXBuildFile; fileRef = 358BCAA11F3E643000046479 /* ViewController.swift */; };
		358BCAA51F3E643000046479 /* Main.storyboard in Resources */ = {isa = PBXBuildFile; fileRef = 358BCAA31F3E643000046479 /* Main.storyboard */; };
		358BCAA71F3E643000046479 /* Assets.xcassets in Resources */ = {isa = PBXBuildFile; fileRef = 358BCAA61F3E643000046479 /* Assets.xcassets */; };
		358BCAAA1F3E643000046479 /* LaunchScreen.storyboard in Resources */ = {isa = PBXBuildFile; fileRef = 358BCAA81F3E643000046479 /* LaunchScreen.storyboard */; };
		358BCABF1F3E644E00046479 /* SwiftyGameController.framework in Frameworks */ = {isa = PBXBuildFile; fileRef = 358BCAB61F3E644E00046479 /* SwiftyGameController.framework */; };
		358BCAC61F3E644E00046479 /* SwiftyGameControllerTests.swift in Sources */ = {isa = PBXBuildFile; fileRef = 358BCAC51F3E644E00046479 /* SwiftyGameControllerTests.swift */; };
		358BCAC81F3E644E00046479 /* SwiftyGameController.h in Headers */ = {isa = PBXBuildFile; fileRef = 358BCAB81F3E644E00046479 /* SwiftyGameController.h */; settings = {ATTRIBUTES = (Public, ); }; };
		358BCACB1F3E644E00046479 /* SwiftyGameController.framework in Frameworks */ = {isa = PBXBuildFile; fileRef = 358BCAB61F3E644E00046479 /* SwiftyGameController.framework */; };
		358BCACC1F3E644E00046479 /* SwiftyGameController.framework in Embed Frameworks */ = {isa = PBXBuildFile; fileRef = 358BCAB61F3E644E00046479 /* SwiftyGameController.framework */; settings = {ATTRIBUTES = (CodeSignOnCopy, RemoveHeadersOnCopy, ); }; };
		358BCAD51F3E646200046479 /* SwiftyController.swift in Sources */ = {isa = PBXBuildFile; fileRef = 358BCAD41F3E646200046479 /* SwiftyController.swift */; };
		358BCAD71F3E647100046479 /* SwiftySoftwareController.swift in Sources */ = {isa = PBXBuildFile; fileRef = 358BCAD61F3E647100046479 /* SwiftySoftwareController.swift */; };
		358BCAD91F3E647C00046479 /* SwiftyHardwareController.swift in Sources */ = {isa = PBXBuildFile; fileRef = 358BCAD81F3E647C00046479 /* SwiftyHardwareController.swift */; };
		358BCADD1F3E697800046479 /* Joystick.swift in Sources */ = {isa = PBXBuildFile; fileRef = 358BCADC1F3E697800046479 /* Joystick.swift */; };
/* End PBXBuildFile section */

/* Begin PBXContainerItemProxy section */
		358BCAC01F3E644E00046479 /* PBXContainerItemProxy */ = {
			isa = PBXContainerItemProxy;
			containerPortal = 358BCA941F3E643000046479 /* Project object */;
			proxyType = 1;
			remoteGlobalIDString = 358BCAB51F3E644E00046479;
			remoteInfo = SwiftyGameController;
		};
		358BCAC21F3E644E00046479 /* PBXContainerItemProxy */ = {
			isa = PBXContainerItemProxy;
			containerPortal = 358BCA941F3E643000046479 /* Project object */;
			proxyType = 1;
			remoteGlobalIDString = 358BCA9B1F3E643000046479;
			remoteInfo = SwiftyGameControllerExample;
		};
		358BCAC91F3E644E00046479 /* PBXContainerItemProxy */ = {
			isa = PBXContainerItemProxy;
			containerPortal = 358BCA941F3E643000046479 /* Project object */;
			proxyType = 1;
			remoteGlobalIDString = 358BCAB51F3E644E00046479;
			remoteInfo = SwiftyGameController;
		};
/* End PBXContainerItemProxy section */

/* Begin PBXCopyFilesBuildPhase section */
		358BCAD01F3E644E00046479 /* Embed Frameworks */ = {
			isa = PBXCopyFilesBuildPhase;
			buildActionMask = 2147483647;
			dstPath = "";
			dstSubfolderSpec = 10;
			files = (
				358BCACC1F3E644E00046479 /* SwiftyGameController.framework in Embed Frameworks */,
			);
			name = "Embed Frameworks";
			runOnlyForDeploymentPostprocessing = 0;
		};
/* End PBXCopyFilesBuildPhase section */

/* Begin PBXFileReference section */
		358BCA9C1F3E643000046479 /* SwiftyGameControllerExample.app */ = {isa = PBXFileReference; explicitFileType = wrapper.application; includeInIndex = 0; path = SwiftyGameControllerExample.app; sourceTree = BUILT_PRODUCTS_DIR; };
		358BCA9F1F3E643000046479 /* AppDelegate.swift */ = {isa = PBXFileReference; lastKnownFileType = sourcecode.swift; path = AppDelegate.swift; sourceTree = "<group>"; };
		358BCAA11F3E643000046479 /* ViewController.swift */ = {isa = PBXFileReference; lastKnownFileType = sourcecode.swift; path = ViewController.swift; sourceTree = "<group>"; };
		358BCAA41F3E643000046479 /* Base */ = {isa = PBXFileReference; lastKnownFileType = file.storyboard; name = Base; path = Base.lproj/Main.storyboard; sourceTree = "<group>"; };
		358BCAA61F3E643000046479 /* Assets.xcassets */ = {isa = PBXFileReference; lastKnownFileType = folder.assetcatalog; path = Assets.xcassets; sourceTree = "<group>"; };
		358BCAA91F3E643000046479 /* Base */ = {isa = PBXFileReference; lastKnownFileType = file.storyboard; name = Base; path = Base.lproj/LaunchScreen.storyboard; sourceTree = "<group>"; };
		358BCAAB1F3E643000046479 /* Info.plist */ = {isa = PBXFileReference; lastKnownFileType = text.plist.xml; path = Info.plist; sourceTree = "<group>"; };
		358BCAB61F3E644E00046479 /* SwiftyGameController.framework */ = {isa = PBXFileReference; explicitFileType = wrapper.framework; includeInIndex = 0; path = SwiftyGameController.framework; sourceTree = BUILT_PRODUCTS_DIR; };
		358BCAB81F3E644E00046479 /* SwiftyGameController.h */ = {isa = PBXFileReference; lastKnownFileType = sourcecode.c.h; path = SwiftyGameController.h; sourceTree = "<group>"; };
		358BCAB91F3E644E00046479 /* Info.plist */ = {isa = PBXFileReference; lastKnownFileType = text.plist.xml; path = Info.plist; sourceTree = "<group>"; };
		358BCABE1F3E644E00046479 /* SwiftyGameControllerTests.xctest */ = {isa = PBXFileReference; explicitFileType = wrapper.cfbundle; includeInIndex = 0; path = SwiftyGameControllerTests.xctest; sourceTree = BUILT_PRODUCTS_DIR; };
		358BCAC51F3E644E00046479 /* SwiftyGameControllerTests.swift */ = {isa = PBXFileReference; lastKnownFileType = sourcecode.swift; path = SwiftyGameControllerTests.swift; sourceTree = "<group>"; };
		358BCAC71F3E644E00046479 /* Info.plist */ = {isa = PBXFileReference; lastKnownFileType = text.plist.xml; path = Info.plist; sourceTree = "<group>"; };
		358BCAD41F3E646200046479 /* SwiftyController.swift */ = {isa = PBXFileReference; lastKnownFileType = sourcecode.swift; path = SwiftyController.swift; sourceTree = "<group>"; };
		358BCAD61F3E647100046479 /* SwiftySoftwareController.swift */ = {isa = PBXFileReference; lastKnownFileType = sourcecode.swift; path = SwiftySoftwareController.swift; sourceTree = "<group>"; };
		358BCAD81F3E647C00046479 /* SwiftyHardwareController.swift */ = {isa = PBXFileReference; lastKnownFileType = sourcecode.swift; path = SwiftyHardwareController.swift; sourceTree = "<group>"; };
		358BCADC1F3E697800046479 /* Joystick.swift */ = {isa = PBXFileReference; lastKnownFileType = sourcecode.swift; path = Joystick.swift; sourceTree = "<group>"; };
/* End PBXFileReference section */

/* Begin PBXFrameworksBuildPhase section */
		358BCA991F3E643000046479 /* Frameworks */ = {
			isa = PBXFrameworksBuildPhase;
			buildActionMask = 2147483647;
			files = (
				358BCACB1F3E644E00046479 /* SwiftyGameController.framework in Frameworks */,
			);
			runOnlyForDeploymentPostprocessing = 0;
		};
		358BCAB21F3E644E00046479 /* Frameworks */ = {
			isa = PBXFrameworksBuildPhase;
			buildActionMask = 2147483647;
			files = (
			);
			runOnlyForDeploymentPostprocessing = 0;
		};
		358BCABB1F3E644E00046479 /* Frameworks */ = {
			isa = PBXFrameworksBuildPhase;
			buildActionMask = 2147483647;
			files = (
				358BCABF1F3E644E00046479 /* SwiftyGameController.framework in Frameworks */,
			);
			runOnlyForDeploymentPostprocessing = 0;
		};
/* End PBXFrameworksBuildPhase section */

/* Begin PBXGroup section */
		358BCA931F3E643000046479 = {
			isa = PBXGroup;
			children = (
				358BCA9E1F3E643000046479 /* SwiftyGameControllerExample */,
				358BCAB71F3E644E00046479 /* SwiftyGameController */,
				358BCAC41F3E644E00046479 /* SwiftyGameControllerTests */,
				358BCA9D1F3E643000046479 /* Products */,
			);
			sourceTree = "<group>";
		};
		358BCA9D1F3E643000046479 /* Products */ = {
			isa = PBXGroup;
			children = (
				358BCA9C1F3E643000046479 /* SwiftyGameControllerExample.app */,
				358BCAB61F3E644E00046479 /* SwiftyGameController.framework */,
				358BCABE1F3E644E00046479 /* SwiftyGameControllerTests.xctest */,
			);
			name = Products;
			sourceTree = "<group>";
		};
		358BCA9E1F3E643000046479 /* SwiftyGameControllerExample */ = {
			isa = PBXGroup;
			children = (
				358BCA9F1F3E643000046479 /* AppDelegate.swift */,
				358BCAA11F3E643000046479 /* ViewController.swift */,
				358BCAA31F3E643000046479 /* Main.storyboard */,
				358BCAA61F3E643000046479 /* Assets.xcassets */,
				358BCAA81F3E643000046479 /* LaunchScreen.storyboard */,
				358BCAAB1F3E643000046479 /* Info.plist */,
			);
			path = SwiftyGameControllerExample;
			sourceTree = "<group>";
		};
		358BCAB71F3E644E00046479 /* SwiftyGameController */ = {
			isa = PBXGroup;
			children = (
				358BCAB81F3E644E00046479 /* SwiftyGameController.h */,
				358BCAB91F3E644E00046479 /* Info.plist */,
				358BCAD41F3E646200046479 /* SwiftyController.swift */,
				358BCAD61F3E647100046479 /* SwiftySoftwareController.swift */,
				358BCAD81F3E647C00046479 /* SwiftyHardwareController.swift */,
				358BCADC1F3E697800046479 /* Joystick.swift */,
			);
			path = SwiftyGameController;
			sourceTree = "<group>";
		};
		358BCAC41F3E644E00046479 /* SwiftyGameControllerTests */ = {
			isa = PBXGroup;
			children = (
				358BCAC51F3E644E00046479 /* SwiftyGameControllerTests.swift */,
				358BCAC71F3E644E00046479 /* Info.plist */,
			);
			path = SwiftyGameControllerTests;
			sourceTree = "<group>";
		};
/* End PBXGroup section */

/* Begin PBXHeadersBuildPhase section */
		358BCAB31F3E644E00046479 /* Headers */ = {
			isa = PBXHeadersBuildPhase;
			buildActionMask = 2147483647;
			files = (
				358BCAC81F3E644E00046479 /* SwiftyGameController.h in Headers */,
			);
			runOnlyForDeploymentPostprocessing = 0;
		};
/* End PBXHeadersBuildPhase section */

/* Begin PBXNativeTarget section */
		358BCA9B1F3E643000046479 /* SwiftyGameControllerExample */ = {
			isa = PBXNativeTarget;
			buildConfigurationList = 358BCAAE1F3E643000046479 /* Build configuration list for PBXNativeTarget "SwiftyGameControllerExample" */;
			buildPhases = (
				358BCA981F3E643000046479 /* Sources */,
				358BCA991F3E643000046479 /* Frameworks */,
				358BCA9A1F3E643000046479 /* Resources */,
				358BCAD01F3E644E00046479 /* Embed Frameworks */,
			);
			buildRules = (
			);
			dependencies = (
				358BCACA1F3E644E00046479 /* PBXTargetDependency */,
			);
			name = SwiftyGameControllerExample;
			productName = SwiftyGameControllerExample;
			productReference = 358BCA9C1F3E643000046479 /* SwiftyGameControllerExample.app */;
			productType = "com.apple.product-type.application";
		};
		358BCAB51F3E644E00046479 /* SwiftyGameController */ = {
			isa = PBXNativeTarget;
			buildConfigurationList = 358BCACD1F3E644E00046479 /* Build configuration list for PBXNativeTarget "SwiftyGameController" */;
			buildPhases = (
				358BCAB11F3E644E00046479 /* Sources */,
				358BCAB21F3E644E00046479 /* Frameworks */,
				358BCAB31F3E644E00046479 /* Headers */,
				358BCAB41F3E644E00046479 /* Resources */,
			);
			buildRules = (
			);
			dependencies = (
			);
			name = SwiftyGameController;
			productName = SwiftyGameController;
			productReference = 358BCAB61F3E644E00046479 /* SwiftyGameController.framework */;
			productType = "com.apple.product-type.framework";
		};
		358BCABD1F3E644E00046479 /* SwiftyGameControllerTests */ = {
			isa = PBXNativeTarget;
			buildConfigurationList = 358BCAD11F3E644E00046479 /* Build configuration list for PBXNativeTarget "SwiftyGameControllerTests" */;
			buildPhases = (
				358BCABA1F3E644E00046479 /* Sources */,
				358BCABB1F3E644E00046479 /* Frameworks */,
				358BCABC1F3E644E00046479 /* Resources */,
			);
			buildRules = (
			);
			dependencies = (
				358BCAC11F3E644E00046479 /* PBXTargetDependency */,
				358BCAC31F3E644E00046479 /* PBXTargetDependency */,
			);
			name = SwiftyGameControllerTests;
			productName = SwiftyGameControllerTests;
			productReference = 358BCABE1F3E644E00046479 /* SwiftyGameControllerTests.xctest */;
			productType = "com.apple.product-type.bundle.unit-test";
		};
/* End PBXNativeTarget section */

/* Begin PBXProject section */
		358BCA941F3E643000046479 /* Project object */ = {
			isa = PBXProject;
			attributes = {
				LastSwiftUpdateCheck = 0900;
				LastUpgradeCheck = 1010;
				ORGANIZATIONNAME = "Fredrik Karlsson";
				TargetAttributes = {
					358BCA9B1F3E643000046479 = {
						CreatedOnToolsVersion = 9.0;
					};
					358BCAB51F3E644E00046479 = {
						CreatedOnToolsVersion = 9.0;
						LastSwiftMigration = 0900;
					};
					358BCABD1F3E644E00046479 = {
						CreatedOnToolsVersion = 9.0;
						TestTargetID = 358BCA9B1F3E643000046479;
					};
				};
			};
			buildConfigurationList = 358BCA971F3E643000046479 /* Build configuration list for PBXProject "SwiftyGameControllerExample" */;
			compatibilityVersion = "Xcode 8.0";
			developmentRegion = en;
			hasScannedForEncodings = 0;
			knownRegions = (
				en,
				Base,
			);
			mainGroup = 358BCA931F3E643000046479;
			productRefGroup = 358BCA9D1F3E643000046479 /* Products */;
			projectDirPath = "";
			projectRoot = "";
			targets = (
				358BCA9B1F3E643000046479 /* SwiftyGameControllerExample */,
				358BCAB51F3E644E00046479 /* SwiftyGameController */,
				358BCABD1F3E644E00046479 /* SwiftyGameControllerTests */,
			);
		};
/* End PBXProject section */

/* Begin PBXResourcesBuildPhase section */
		358BCA9A1F3E643000046479 /* Resources */ = {
			isa = PBXResourcesBuildPhase;
			buildActionMask = 2147483647;
			files = (
				358BCAAA1F3E643000046479 /* LaunchScreen.storyboard in Resources */,
				358BCAA71F3E643000046479 /* Assets.xcassets in Resources */,
				358BCAA51F3E643000046479 /* Main.storyboard in Resources */,
			);
			runOnlyForDeploymentPostprocessing = 0;
		};
		358BCAB41F3E644E00046479 /* Resources */ = {
			isa = PBXResourcesBuildPhase;
			buildActionMask = 2147483647;
			files = (
			);
			runOnlyForDeploymentPostprocessing = 0;
		};
		358BCABC1F3E644E00046479 /* Resources */ = {
			isa = PBXResourcesBuildPhase;
			buildActionMask = 2147483647;
			files = (
			);
			runOnlyForDeploymentPostprocessing = 0;
		};
/* End PBXResourcesBuildPhase section */

/* Begin PBXSourcesBuildPhase section */
		358BCA981F3E643000046479 /* Sources */ = {
			isa = PBXSourcesBuildPhase;
			buildActionMask = 2147483647;
			files = (
				358BCAA21F3E643000046479 /* ViewController.swift in Sources */,
				358BCAA01F3E643000046479 /* AppDelegate.swift in Sources */,
			);
			runOnlyForDeploymentPostprocessing = 0;
		};
		358BCAB11F3E644E00046479 /* Sources */ = {
			isa = PBXSourcesBuildPhase;
			buildActionMask = 2147483647;
			files = (
				358BCAD71F3E647100046479 /* SwiftySoftwareController.swift in Sources */,
				358BCADD1F3E697800046479 /* Joystick.swift in Sources */,
				358BCAD91F3E647C00046479 /* SwiftyHardwareController.swift in Sources */,
				358BCAD51F3E646200046479 /* SwiftyController.swift in Sources */,
			);
			runOnlyForDeploymentPostprocessing = 0;
		};
		358BCABA1F3E644E00046479 /* Sources */ = {
			isa = PBXSourcesBuildPhase;
			buildActionMask = 2147483647;
			files = (
				358BCAC61F3E644E00046479 /* SwiftyGameControllerTests.swift in Sources */,
			);
			runOnlyForDeploymentPostprocessing = 0;
		};
/* End PBXSourcesBuildPhase section */

/* Begin PBXTargetDependency section */
		358BCAC11F3E644E00046479 /* PBXTargetDependency */ = {
			isa = PBXTargetDependency;
			target = 358BCAB51F3E644E00046479 /* SwiftyGameController */;
			targetProxy = 358BCAC01F3E644E00046479 /* PBXContainerItemProxy */;
		};
		358BCAC31F3E644E00046479 /* PBXTargetDependency */ = {
			isa = PBXTargetDependency;
			target = 358BCA9B1F3E643000046479 /* SwiftyGameControllerExample */;
			targetProxy = 358BCAC21F3E644E00046479 /* PBXContainerItemProxy */;
		};
		358BCACA1F3E644E00046479 /* PBXTargetDependency */ = {
			isa = PBXTargetDependency;
			target = 358BCAB51F3E644E00046479 /* SwiftyGameController */;
			targetProxy = 358BCAC91F3E644E00046479 /* PBXContainerItemProxy */;
		};
/* End PBXTargetDependency section */

/* Begin PBXVariantGroup section */
		358BCAA31F3E643000046479 /* Main.storyboard */ = {
			isa = PBXVariantGroup;
			children = (
				358BCAA41F3E643000046479 /* Base */,
			);
			name = Main.storyboard;
			sourceTree = "<group>";
		};
		358BCAA81F3E643000046479 /* LaunchScreen.storyboard */ = {
			isa = PBXVariantGroup;
			children = (
				358BCAA91F3E643000046479 /* Base */,
			);
			name = LaunchScreen.storyboard;
			sourceTree = "<group>";
		};
/* End PBXVariantGroup section */

/* Begin XCBuildConfiguration section */
		358BCAAC1F3E643000046479 /* Debug */ = {
			isa = XCBuildConfiguration;
			buildSettings = {
				ALWAYS_SEARCH_USER_PATHS = NO;
				CLANG_ANALYZER_NONNULL = YES;
				CLANG_ANALYZER_NUMBER_OBJECT_CONVERSION = YES_AGGRESSIVE;
				CLANG_CXX_LANGUAGE_STANDARD = "gnu++14";
				CLANG_CXX_LIBRARY = "libc++";
				CLANG_ENABLE_MODULES = YES;
				CLANG_ENABLE_OBJC_ARC = YES;
				CLANG_WARN_BLOCK_CAPTURE_AUTORELEASING = YES;
				CLANG_WARN_BOOL_CONVERSION = YES;
				CLANG_WARN_COMMA = YES;
				CLANG_WARN_CONSTANT_CONVERSION = YES;
				CLANG_WARN_DEPRECATED_OBJC_IMPLEMENTATIONS = YES;
				CLANG_WARN_DIRECT_OBJC_ISA_USAGE = YES_ERROR;
				CLANG_WARN_DOCUMENTATION_COMMENTS = YES;
				CLANG_WARN_EMPTY_BODY = YES;
				CLANG_WARN_ENUM_CONVERSION = YES;
				CLANG_WARN_INFINITE_RECURSION = YES;
				CLANG_WARN_INT_CONVERSION = YES;
				CLANG_WARN_NON_LITERAL_NULL_CONVERSION = YES;
				CLANG_WARN_OBJC_IMPLICIT_RETAIN_SELF = YES;
				CLANG_WARN_OBJC_LITERAL_CONVERSION = YES;
				CLANG_WARN_OBJC_ROOT_CLASS = YES_ERROR;
				CLANG_WARN_RANGE_LOOP_ANALYSIS = YES;
				CLANG_WARN_STRICT_PROTOTYPES = YES;
				CLANG_WARN_SUSPICIOUS_MOVE = YES;
				CLANG_WARN_UNGUARDED_AVAILABILITY = YES_AGGRESSIVE;
				CLANG_WARN_UNREACHABLE_CODE = YES;
				CLANG_WARN__DUPLICATE_METHOD_MATCH = YES;
				CODE_SIGN_IDENTITY = "iPhone Developer";
				COPY_PHASE_STRIP = NO;
				DEBUG_INFORMATION_FORMAT = dwarf;
				ENABLE_STRICT_OBJC_MSGSEND = YES;
				ENABLE_TESTABILITY = YES;
				GCC_C_LANGUAGE_STANDARD = gnu11;
				GCC_DYNAMIC_NO_PIC = NO;
				GCC_NO_COMMON_BLOCKS = YES;
				GCC_OPTIMIZATION_LEVEL = 0;
				GCC_PREPROCESSOR_DEFINITIONS = (
					"DEBUG=1",
					"$(inherited)",
				);
				GCC_WARN_64_TO_32_BIT_CONVERSION = YES;
				GCC_WARN_ABOUT_RETURN_TYPE = YES_ERROR;
				GCC_WARN_UNDECLARED_SELECTOR = YES;
				GCC_WARN_UNINITIALIZED_AUTOS = YES_AGGRESSIVE;
				GCC_WARN_UNUSED_FUNCTION = YES;
				GCC_WARN_UNUSED_VARIABLE = YES;
				IPHONEOS_DEPLOYMENT_TARGET = 11.0;
				MTL_ENABLE_DEBUG_INFO = YES;
				ONLY_ACTIVE_ARCH = YES;
				SDKROOT = iphoneos;
				SWIFT_ACTIVE_COMPILATION_CONDITIONS = DEBUG;
				SWIFT_OPTIMIZATION_LEVEL = "-Onone";
			};
			name = Debug;
		};
		358BCAAD1F3E643000046479 /* Release */ = {
			isa = XCBuildConfiguration;
			buildSettings = {
				ALWAYS_SEARCH_USER_PATHS = NO;
				CLANG_ANALYZER_NONNULL = YES;
				CLANG_ANALYZER_NUMBER_OBJECT_CONVERSION = YES_AGGRESSIVE;
				CLANG_CXX_LANGUAGE_STANDARD = "gnu++14";
				CLANG_CXX_LIBRARY = "libc++";
				CLANG_ENABLE_MODULES = YES;
				CLANG_ENABLE_OBJC_ARC = YES;
				CLANG_WARN_BLOCK_CAPTURE_AUTORELEASING = YES;
				CLANG_WARN_BOOL_CONVERSION = YES;
				CLANG_WARN_COMMA = YES;
				CLANG_WARN_CONSTANT_CONVERSION = YES;
				CLANG_WARN_DEPRECATED_OBJC_IMPLEMENTATIONS = YES;
				CLANG_WARN_DIRECT_OBJC_ISA_USAGE = YES_ERROR;
				CLANG_WARN_DOCUMENTATION_COMMENTS = YES;
				CLANG_WARN_EMPTY_BODY = YES;
				CLANG_WARN_ENUM_CONVERSION = YES;
				CLANG_WARN_INFINITE_RECURSION = YES;
				CLANG_WARN_INT_CONVERSION = YES;
				CLANG_WARN_NON_LITERAL_NULL_CONVERSION = YES;
				CLANG_WARN_OBJC_IMPLICIT_RETAIN_SELF = YES;
				CLANG_WARN_OBJC_LITERAL_CONVERSION = YES;
				CLANG_WARN_OBJC_ROOT_CLASS = YES_ERROR;
				CLANG_WARN_RANGE_LOOP_ANALYSIS = YES;
				CLANG_WARN_STRICT_PROTOTYPES = YES;
				CLANG_WARN_SUSPICIOUS_MOVE = YES;
				CLANG_WARN_UNGUARDED_AVAILABILITY = YES_AGGRESSIVE;
				CLANG_WARN_UNREACHABLE_CODE = YES;
				CLANG_WARN__DUPLICATE_METHOD_MATCH = YES;
				CODE_SIGN_IDENTITY = "iPhone Developer";
				COPY_PHASE_STRIP = NO;
				DEBUG_INFORMATION_FORMAT = "dwarf-with-dsym";
				ENABLE_NS_ASSERTIONS = NO;
				ENABLE_STRICT_OBJC_MSGSEND = YES;
				GCC_C_LANGUAGE_STANDARD = gnu11;
				GCC_NO_COMMON_BLOCKS = YES;
				GCC_WARN_64_TO_32_BIT_CONVERSION = YES;
				GCC_WARN_ABOUT_RETURN_TYPE = YES_ERROR;
				GCC_WARN_UNDECLARED_SELECTOR = YES;
				GCC_WARN_UNINITIALIZED_AUTOS = YES_AGGRESSIVE;
				GCC_WARN_UNUSED_FUNCTION = YES;
				GCC_WARN_UNUSED_VARIABLE = YES;
				IPHONEOS_DEPLOYMENT_TARGET = 11.0;
				MTL_ENABLE_DEBUG_INFO = NO;
				SDKROOT = iphoneos;
				SWIFT_OPTIMIZATION_LEVEL = "-Owholemodule";
				VALIDATE_PRODUCT = YES;
			};
			name = Release;
		};
		358BCAAF1F3E643000046479 /* Debug */ = {
			isa = XCBuildConfiguration;
			buildSettings = {
				ALWAYS_EMBED_SWIFT_STANDARD_LIBRARIES = YES;
				ASSETCATALOG_COMPILER_APPICON_NAME = AppIcon;
				INFOPLIST_FILE = SwiftyGameControllerExample/Info.plist;
				LD_RUNPATH_SEARCH_PATHS = "$(inherited) @executable_path/Frameworks";
				PRODUCT_BUNDLE_IDENTIFIER = com.frederoni.SwiftyGameControllerExample;
				PRODUCT_NAME = "$(TARGET_NAME)";
				SWIFT_VERSION = 4.0;
				TARGETED_DEVICE_FAMILY = "1,2";
			};
			name = Debug;
		};
		358BCAB01F3E643000046479 /* Release */ = {
			isa = XCBuildConfiguration;
			buildSettings = {
				ALWAYS_EMBED_SWIFT_STANDARD_LIBRARIES = YES;
				ASSETCATALOG_COMPILER_APPICON_NAME = AppIcon;
				INFOPLIST_FILE = SwiftyGameControllerExample/Info.plist;
				LD_RUNPATH_SEARCH_PATHS = "$(inherited) @executable_path/Frameworks";
				PRODUCT_BUNDLE_IDENTIFIER = com.frederoni.SwiftyGameControllerExample;
				PRODUCT_NAME = "$(TARGET_NAME)";
				SWIFT_VERSION = 4.0;
				TARGETED_DEVICE_FAMILY = "1,2";
			};
			name = Release;
		};
		358BCACE1F3E644E00046479 /* Debug */ = {
			isa = XCBuildConfiguration;
			buildSettings = {
				CLANG_ENABLE_MODULES = YES;
				CODE_SIGN_IDENTITY = "";
				CURRENT_PROJECT_VERSION = 1;
				DEFINES_MODULE = YES;
				DYLIB_COMPATIBILITY_VERSION = 1;
				DYLIB_CURRENT_VERSION = 1;
				DYLIB_INSTALL_NAME_BASE = "@rpath";
				INFOPLIST_FILE = SwiftyGameController/Info.plist;
				INSTALL_PATH = "$(LOCAL_LIBRARY_DIR)/Frameworks";
				LD_RUNPATH_SEARCH_PATHS = "$(inherited) @executable_path/Frameworks @loader_path/Frameworks";
				PRODUCT_BUNDLE_IDENTIFIER = com.frederoni.SwiftyGameController;
				PRODUCT_NAME = "$(TARGET_NAME:c99extidentifier)";
				SKIP_INSTALL = YES;
				SWIFT_OPTIMIZATION_LEVEL = "-Onone";
				SWIFT_VERSION = 4.0;
				TARGETED_DEVICE_FAMILY = "1,2";
				VERSIONING_SYSTEM = "apple-generic";
				VERSION_INFO_PREFIX = "";
			};
			name = Debug;
		};
		358BCACF1F3E644E00046479 /* Release */ = {
			isa = XCBuildConfiguration;
			buildSettings = {
				CLANG_ENABLE_MODULES = YES;
				CODE_SIGN_IDENTITY = "";
				CURRENT_PROJECT_VERSION = 1;
				DEFINES_MODULE = YES;
				DYLIB_COMPATIBILITY_VERSION = 1;
				DYLIB_CURRENT_VERSION = 1;
				DYLIB_INSTALL_NAME_BASE = "@rpath";
				INFOPLIST_FILE = SwiftyGameController/Info.plist;
				INSTALL_PATH = "$(LOCAL_LIBRARY_DIR)/Frameworks";
				LD_RUNPATH_SEARCH_PATHS = "$(inherited) @executable_path/Frameworks @loader_path/Frameworks";
				PRODUCT_BUNDLE_IDENTIFIER = com.frederoni.SwiftyGameController;
				PRODUCT_NAME = "$(TARGET_NAME:c99extidentifier)";
				SKIP_INSTALL = YES;
				SWIFT_VERSION = 4.0;
				TARGETED_DEVICE_FAMILY = "1,2";
				VERSIONING_SYSTEM = "apple-generic";
				VERSION_INFO_PREFIX = "";
			};
			name = Release;
		};
		358BCAD21F3E644E00046479 /* Debug */ = {
			isa = XCBuildConfiguration;
			buildSettings = {
				ALWAYS_EMBED_SWIFT_STANDARD_LIBRARIES = YES;
				INFOPLIST_FILE = SwiftyGameControllerTests/Info.plist;
				LD_RUNPATH_SEARCH_PATHS = "$(inherited) @executable_path/Frameworks @loader_path/Frameworks";
				PRODUCT_BUNDLE_IDENTIFIER = com.frederoni.SwiftyGameControllerTests;
				PRODUCT_NAME = "$(TARGET_NAME)";
				SWIFT_VERSION = 4.0;
				TARGETED_DEVICE_FAMILY = "1,2";
				TEST_HOST = "$(BUILT_PRODUCTS_DIR)/SwiftyGameControllerExample.app/SwiftyGameControllerExample";
			};
			name = Debug;
		};
		358BCAD31F3E644E00046479 /* Release */ = {
			isa = XCBuildConfiguration;
			buildSettings = {
				ALWAYS_EMBED_SWIFT_STANDARD_LIBRARIES = YES;
				INFOPLIST_FILE = SwiftyGameControllerTests/Info.plist;
				LD_RUNPATH_SEARCH_PATHS = "$(inherited) @executable_path/Frameworks @loader_path/Frameworks";
				PRODUCT_BUNDLE_IDENTIFIER = com.frederoni.SwiftyGameControllerTests;
				PRODUCT_NAME = "$(TARGET_NAME)";
				SWIFT_VERSION = 4.0;
				TARGETED_DEVICE_FAMILY = "1,2";
				TEST_HOST = "$(BUILT_PRODUCTS_DIR)/SwiftyGameControllerExample.app/SwiftyGameControllerExample";
			};
			name = Release;
		};
/* End XCBuildConfiguration section */

/* Begin XCConfigurationList section */
		358BCA971F3E643000046479 /* Build configuration list for PBXProject "SwiftyGameControllerExample" */ = {
			isa = XCConfigurationList;
			buildConfigurations = (
				358BCAAC1F3E643000046479 /* Debug */,
				358BCAAD1F3E643000046479 /* Release */,
			);
			defaultConfigurationIsVisible = 0;
			defaultConfigurationName = Release;
		};
		358BCAAE1F3E643000046479 /* Build configuration list for PBXNativeTarget "SwiftyGameControllerExample" */ = {
			isa = XCConfigurationList;
			buildConfigurations = (
				358BCAAF1F3E643000046479 /* Debug */,
				358BCAB01F3E643000046479 /* Release */,
			);
			defaultConfigurationIsVisible = 0;
			defaultConfigurationName = Release;
		};
		358BCACD1F3E644E00046479 /* Build configuration list for PBXNativeTarget "SwiftyGameController" */ = {
			isa = XCConfigurationList;
			buildConfigurations = (
				358BCACE1F3E644E00046479 /* Debug */,
				358BCACF1F3E644E00046479 /* Release */,
			);
			defaultConfigurationIsVisible = 0;
			defaultConfigurationName = Release;
		};
		358BCAD11F3E644E00046479 /* Build configuration list for PBXNativeTarget "SwiftyGameControllerTests" */ = {
			isa = XCConfigurationList;
			buildConfigurations = (
				358BCAD21F3E644E00046479 /* Debug */,
				358BCAD31F3E644E00046479 /* Release */,
			);
			defaultConfigurationIsVisible = 0;
			defaultConfigurationName = Release;
		};
/* End XCConfigurationList section */
	};
	rootObject = 358BCA941F3E643000046479 /* Project object */;
}
